
Microsoft Visual Studio Solution File, Format Version 12.00
# Visual Studio Version 16
VisualStudioVersion = 16.0.28917.181
MinimumVisualStudioVersion = 10.0.40219.1
Project("{FAE04EC0-301F-11D3-BF4B-00C04F79EFBC}") = "Server", "Server.csproj", "{BB670B55-0168-4395-9E62-287DC04E75B0}"
EndProject
Global
	GlobalSection(SolutionConfigurationPlatforms) = preSolution
		Debug|Any CPU = Debug|Any CPU
		Release|Any CPU = Release|Any CPU
	EndGlobalSection
	GlobalSection(ProjectConfigurationPlatforms) = postSolution
		{BB670B55-0168-4395-9E62-287DC04E75B0}.Debug|Any CPU.ActiveCfg = Debug|Any CPU
		{BB670B55-0168-4395-9E62-287DC04E75B0}.Debug|Any CPU.Build.0 = Debug|Any CPU
		{BB670B55-0168-4395-9E62-287DC04E75B0}.Release|Any CPU.ActiveCfg = Release|Any CPU
		{BB670B55-0168-4395-9E62-287DC04E75B0}.Release|Any CPU.Build.0 = Release|Any CPU
	EndGlobalSection
	GlobalSection(SolutionProperties) = preSolution
		HideSolutionNode = FALSE
	EndGlobalSection
	GlobalSection(ExtensibilityGlobals) = postSolution
		SolutionGuid = {8C57760D-7BB8-4E7D-BE6A-D9476044AD36}
	EndGlobalSection
EndGlobal
